
Microsoft Visual Studio Solution File, Format Version 12.00
# Visual Studio Version 17
VisualStudioVersion = 17.4.33403.182
MinimumVisualStudioVersion = 10.0.40219.1
Project("{F184B08F-C81C-45F6-A57F-5ABD9991F28F}") = "CASE_STUDY_POS_CRESENCIO_BSIT31A1", "CASE_STUDY_POS_CRESENCIO_BSIT31A1.vbproj", "{CE2DC45C-74E8-49DE-A8BA-3F6B7A10F57C}"
EndProject
Global
	GlobalSection(SolutionConfigurationPlatforms) = preSolution
		Debug|Any CPU = Debug|Any CPU
		Debug|x64 = Debug|x64
		Release|Any CPU = Release|Any CPU
		Release|x64 = Release|x64
	EndGlobalSection
	GlobalSection(ProjectConfigurationPlatforms) = postSolution
		{CE2DC45C-74E8-49DE-A8BA-3F6B7A10F57C}.Debug|Any CPU.ActiveCfg = Debug|Any CPU
		{CE2DC45C-74E8-49DE-A8BA-3F6B7A10F57C}.Debug|Any CPU.Build.0 = Debug|Any CPU
		{CE2DC45C-74E8-49DE-A8BA-3F6B7A10F57C}.Debug|x64.ActiveCfg = Debug|x64
		{CE2DC45C-74E8-49DE-A8BA-3F6B7A10F57C}.Debug|x64.Build.0 = Debug|x64
		{CE2DC45C-74E8-49DE-A8BA-3F6B7A10F57C}.Release|Any CPU.ActiveCfg = Release|Any CPU
		{CE2DC45C-74E8-49DE-A8BA-3F6B7A10F57C}.Release|Any CPU.Build.0 = Release|Any CPU
		{CE2DC45C-74E8-49DE-A8BA-3F6B7A10F57C}.Release|x64.ActiveCfg = Release|x64
		{CE2DC45C-74E8-49DE-A8BA-3F6B7A10F57C}.Release|x64.Build.0 = Release|x64
	EndGlobalSection
	GlobalSection(SolutionProperties) = preSolution
		HideSolutionNode = FALSE
	EndGlobalSection
	GlobalSection(ExtensibilityGlobals) = postSolution
		SolutionGuid = {1CF73F77-2675-4EBA-BFCE-33FE4D7C35CD}
	EndGlobalSection
EndGlobal
